// !$*UTF8*$!
{
	archiveVersion = 1;
	classes = {
	};
	objectVersion = 46;
	objects = {

/* Begin PBXBuildFile section */
		3C680DD91DAB5A6300A9F092 /* AppDelegate.swift in Sources */ = {isa = PBXBuildFile; fileRef = 3C680DD81DAB5A6300A9F092 /* AppDelegate.swift */; };
		3C680DDB1DAB5A6300A9F092 /* LoginViewController.swift in Sources */ = {isa = PBXBuildFile; fileRef = 3C680DDA1DAB5A6300A9F092 /* LoginViewController.swift */; };
		3C680DDE1DAB5A6300A9F092 /* Main.storyboard in Resources */ = {isa = PBXBuildFile; fileRef = 3C680DDC1DAB5A6300A9F092 /* Main.storyboard */; };
		3C680DE01DAB5A6300A9F092 /* Assets.xcassets in Resources */ = {isa = PBXBuildFile; fileRef = 3C680DDF1DAB5A6300A9F092 /* Assets.xcassets */; };
		3C680DE31DAB5A6300A9F092 /* LaunchScreen.storyboard in Resources */ = {isa = PBXBuildFile; fileRef = 3C680DE11DAB5A6300A9F092 /* LaunchScreen.storyboard */; };
		3C680DEE1DAB5A6300A9F092 /* BaseballSimTests.swift in Sources */ = {isa = PBXBuildFile; fileRef = 3C680DED1DAB5A6300A9F092 /* BaseballSimTests.swift */; };
		3C680DF91DAB625100A9F092 /* User.swift in Sources */ = {isa = PBXBuildFile; fileRef = 3C680DF81DAB625100A9F092 /* User.swift */; };
		3C680DFB1DAB668A00A9F092 /* UserService.swift in Sources */ = {isa = PBXBuildFile; fileRef = 3C680DFA1DAB668A00A9F092 /* UserService.swift */; };
		3C680DFD1DAB66CB00A9F092 /* Settings.swift in Sources */ = {isa = PBXBuildFile; fileRef = 3C680DFC1DAB66CB00A9F092 /* Settings.swift */; };
		3C680E011DADFAFF00A9F092 /* TeamsViewController.swift in Sources */ = {isa = PBXBuildFile; fileRef = 3C680E001DADFAFF00A9F092 /* TeamsViewController.swift */; };
		3C680E031DADFB1800A9F092 /* GamesViewController.swift in Sources */ = {isa = PBXBuildFile; fileRef = 3C680E021DADFB1800A9F092 /* GamesViewController.swift */; };
/* End PBXBuildFile section */

/* Begin PBXContainerItemProxy section */
		3C680DEA1DAB5A6300A9F092 /* PBXContainerItemProxy */ = {
			isa = PBXContainerItemProxy;
			containerPortal = 3C680DCD1DAB5A6300A9F092 /* Project object */;
			proxyType = 1;
			remoteGlobalIDString = 3C680DD41DAB5A6300A9F092;
			remoteInfo = BaseballSim;
		};
/* End PBXContainerItemProxy section */

/* Begin PBXFileReference section */
		3C680DD51DAB5A6300A9F092 /* BaseballSim.app */ = {isa = PBXFileReference; explicitFileType = wrapper.application; includeInIndex = 0; path = BaseballSim.app; sourceTree = BUILT_PRODUCTS_DIR; };
		3C680DD81DAB5A6300A9F092 /* AppDelegate.swift */ = {isa = PBXFileReference; lastKnownFileType = sourcecode.swift; path = AppDelegate.swift; sourceTree = "<group>"; };
		3C680DDA1DAB5A6300A9F092 /* LoginViewController.swift */ = {isa = PBXFileReference; lastKnownFileType = sourcecode.swift; path = LoginViewController.swift; sourceTree = "<group>"; };
		3C680DDD1DAB5A6300A9F092 /* Base */ = {isa = PBXFileReference; lastKnownFileType = file.storyboard; name = Base; path = Base.lproj/Main.storyboard; sourceTree = "<group>"; };
		3C680DDF1DAB5A6300A9F092 /* Assets.xcassets */ = {isa = PBXFileReference; lastKnownFileType = folder.assetcatalog; path = Assets.xcassets; sourceTree = "<group>"; };
		3C680DE21DAB5A6300A9F092 /* Base */ = {isa = PBXFileReference; lastKnownFileType = file.storyboard; name = Base; path = Base.lproj/LaunchScreen.storyboard; sourceTree = "<group>"; };
		3C680DE41DAB5A6300A9F092 /* Info.plist */ = {isa = PBXFileReference; lastKnownFileType = text.plist.xml; path = Info.plist; sourceTree = "<group>"; };
		3C680DE91DAB5A6300A9F092 /* BaseballSimTests.xctest */ = {isa = PBXFileReference; explicitFileType = wrapper.cfbundle; includeInIndex = 0; path = BaseballSimTests.xctest; sourceTree = BUILT_PRODUCTS_DIR; };
		3C680DED1DAB5A6300A9F092 /* BaseballSimTests.swift */ = {isa = PBXFileReference; lastKnownFileType = sourcecode.swift; path = BaseballSimTests.swift; sourceTree = "<group>"; };
		3C680DEF1DAB5A6300A9F092 /* Info.plist */ = {isa = PBXFileReference; lastKnownFileType = text.plist.xml; path = Info.plist; sourceTree = "<group>"; };
		3C680DF81DAB625100A9F092 /* User.swift */ = {isa = PBXFileReference; fileEncoding = 4; lastKnownFileType = sourcecode.swift; path = User.swift; sourceTree = "<group>"; };
		3C680DFA1DAB668A00A9F092 /* UserService.swift */ = {isa = PBXFileReference; fileEncoding = 4; lastKnownFileType = sourcecode.swift; path = UserService.swift; sourceTree = "<group>"; };
		3C680DFC1DAB66CB00A9F092 /* Settings.swift */ = {isa = PBXFileReference; fileEncoding = 4; lastKnownFileType = sourcecode.swift; path = Settings.swift; sourceTree = "<group>"; };
		3C680E001DADFAFF00A9F092 /* TeamsViewController.swift */ = {isa = PBXFileReference; fileEncoding = 4; lastKnownFileType = sourcecode.swift; path = TeamsViewController.swift; sourceTree = "<group>"; };
		3C680E021DADFB1800A9F092 /* GamesViewController.swift */ = {isa = PBXFileReference; fileEncoding = 4; lastKnownFileType = sourcecode.swift; path = GamesViewController.swift; sourceTree = "<group>"; };
/* End PBXFileReference section */

/* Begin PBXFrameworksBuildPhase section */
		3C680DD21DAB5A6300A9F092 /* Frameworks */ = {
			isa = PBXFrameworksBuildPhase;
			buildActionMask = 2147483647;
			files = (
			);
			runOnlyForDeploymentPostprocessing = 0;
		};
		3C680DE61DAB5A6300A9F092 /* Frameworks */ = {
			isa = PBXFrameworksBuildPhase;
			buildActionMask = 2147483647;
			files = (
			);
			runOnlyForDeploymentPostprocessing = 0;
		};
/* End PBXFrameworksBuildPhase section */

/* Begin PBXGroup section */
		3C680DCC1DAB5A6300A9F092 = {
			isa = PBXGroup;
			children = (
				3C680DD71DAB5A6300A9F092 /* BaseballSim */,
				3C680DEC1DAB5A6300A9F092 /* BaseballSimTests */,
				3C680DD61DAB5A6300A9F092 /* Products */,
			);
			sourceTree = "<group>";
		};
		3C680DD61DAB5A6300A9F092 /* Products */ = {
			isa = PBXGroup;
			children = (
				3C680DD51DAB5A6300A9F092 /* BaseballSim.app */,
				3C680DE91DAB5A6300A9F092 /* BaseballSimTests.xctest */,
			);
			name = Products;
			sourceTree = "<group>";
		};
		3C680DD71DAB5A6300A9F092 /* BaseballSim */ = {
			isa = PBXGroup;
			children = (
				3C680DFF1DACDBB500A9F092 /* model */,
				3C680DD81DAB5A6300A9F092 /* AppDelegate.swift */,
				3C680DFE1DACD9AB00A9F092 /* controller */,
				3C680DDC1DAB5A6300A9F092 /* Main.storyboard */,
				3C680DDF1DAB5A6300A9F092 /* Assets.xcassets */,
				3C680DE11DAB5A6300A9F092 /* LaunchScreen.storyboard */,
				3C680DE41DAB5A6300A9F092 /* Info.plist */,
				3C680DFA1DAB668A00A9F092 /* UserService.swift */,
				3C680DFC1DAB66CB00A9F092 /* Settings.swift */,
			);
			path = BaseballSim;
			sourceTree = "<group>";
		};
		3C680DEC1DAB5A6300A9F092 /* BaseballSimTests */ = {
			isa = PBXGroup;
			children = (
				3C680DED1DAB5A6300A9F092 /* BaseballSimTests.swift */,
				3C680DEF1DAB5A6300A9F092 /* Info.plist */,
			);
			path = BaseballSimTests;
			sourceTree = "<group>";
		};
		3C680DFE1DACD9AB00A9F092 /* controller */ = {
			isa = PBXGroup;
			children = (
				3C680DDA1DAB5A6300A9F092 /* LoginViewController.swift */,
				3C680E001DADFAFF00A9F092 /* TeamsViewController.swift */,
				3C680E021DADFB1800A9F092 /* GamesViewController.swift */,
			);
			name = controller;
			sourceTree = "<group>";
		};
		3C680DFF1DACDBB500A9F092 /* model */ = {
			isa = PBXGroup;
			children = (
				3C680DF81DAB625100A9F092 /* User.swift */,
			);
			name = model;
			sourceTree = "<group>";
		};
/* End PBXGroup section */

/* Begin PBXNativeTarget section */
		3C680DD41DAB5A6300A9F092 /* BaseballSim */ = {
			isa = PBXNativeTarget;
			buildConfigurationList = 3C680DF21DAB5A6300A9F092 /* Build configuration list for PBXNativeTarget "BaseballSim" */;
			buildPhases = (
				3C680DD11DAB5A6300A9F092 /* Sources */,
				3C680DD21DAB5A6300A9F092 /* Frameworks */,
				3C680DD31DAB5A6300A9F092 /* Resources */,
			);
			buildRules = (
			);
			dependencies = (
			);
			name = BaseballSim;
			productName = BaseballSim;
			productReference = 3C680DD51DAB5A6300A9F092 /* BaseballSim.app */;
			productType = "com.apple.product-type.application";
		};
		3C680DE81DAB5A6300A9F092 /* BaseballSimTests */ = {
			isa = PBXNativeTarget;
			buildConfigurationList = 3C680DF51DAB5A6300A9F092 /* Build configuration list for PBXNativeTarget "BaseballSimTests" */;
			buildPhases = (
				3C680DE51DAB5A6300A9F092 /* Sources */,
				3C680DE61DAB5A6300A9F092 /* Frameworks */,
				3C680DE71DAB5A6300A9F092 /* Resources */,
			);
			buildRules = (
			);
			dependencies = (
				3C680DEB1DAB5A6300A9F092 /* PBXTargetDependency */,
			);
			name = BaseballSimTests;
			productName = BaseballSimTests;
			productReference = 3C680DE91DAB5A6300A9F092 /* BaseballSimTests.xctest */;
			productType = "com.apple.product-type.bundle.unit-test";
		};
/* End PBXNativeTarget section */

/* Begin PBXProject section */
		3C680DCD1DAB5A6300A9F092 /* Project object */ = {
			isa = PBXProject;
			attributes = {
				LastSwiftUpdateCheck = 0800;
				LastUpgradeCheck = 0800;
				ORGANIZATIONNAME = TeamB;
				TargetAttributes = {
					3C680DD41DAB5A6300A9F092 = {
						CreatedOnToolsVersion = 8.0;
						ProvisioningStyle = Automatic;
					};
					3C680DE81DAB5A6300A9F092 = {
						CreatedOnToolsVersion = 8.0;
						ProvisioningStyle = Automatic;
						TestTargetID = 3C680DD41DAB5A6300A9F092;
					};
				};
			};
			buildConfigurationList = 3C680DD01DAB5A6300A9F092 /* Build configuration list for PBXProject "BaseballSim" */;
			compatibilityVersion = "Xcode 3.2";
			developmentRegion = English;
			hasScannedForEncodings = 0;
			knownRegions = (
				en,
				Base,
			);
			mainGroup = 3C680DCC1DAB5A6300A9F092;
			productRefGroup = 3C680DD61DAB5A6300A9F092 /* Products */;
			projectDirPath = "";
			projectRoot = "";
			targets = (
				3C680DD41DAB5A6300A9F092 /* BaseballSim */,
				3C680DE81DAB5A6300A9F092 /* BaseballSimTests */,
			);
		};
/* End PBXProject section */

/* Begin PBXResourcesBuildPhase section */
		3C680DD31DAB5A6300A9F092 /* Resources */ = {
			isa = PBXResourcesBuildPhase;
			buildActionMask = 2147483647;
			files = (
				3C680DE31DAB5A6300A9F092 /* LaunchScreen.storyboard in Resources */,
				3C680DE01DAB5A6300A9F092 /* Assets.xcassets in Resources */,
				3C680DDE1DAB5A6300A9F092 /* Main.storyboard in Resources */,
			);
			runOnlyForDeploymentPostprocessing = 0;
		};
		3C680DE71DAB5A6300A9F092 /* Resources */ = {
			isa = PBXResourcesBuildPhase;
			buildActionMask = 2147483647;
			files = (
			);
			runOnlyForDeploymentPostprocessing = 0;
		};
/* End PBXResourcesBuildPhase section */

/* Begin PBXSourcesBuildPhase section */
		3C680DD11DAB5A6300A9F092 /* Sources */ = {
			isa = PBXSourcesBuildPhase;
			buildActionMask = 2147483647;
			files = (
				3C680E031DADFB1800A9F092 /* GamesViewController.swift in Sources */,
				3C680DFB1DAB668A00A9F092 /* UserService.swift in Sources */,
				3C680E011DADFAFF00A9F092 /* TeamsViewController.swift in Sources */,
				3C680DDB1DAB5A6300A9F092 /* LoginViewController.swift in Sources */,
				3C680DD91DAB5A6300A9F092 /* AppDelegate.swift in Sources */,
				3C680DF91DAB625100A9F092 /* User.swift in Sources */,
				3C680DFD1DAB66CB00A9F092 /* Settings.swift in Sources */,
			);
			runOnlyForDeploymentPostprocessing = 0;
		};
		3C680DE51DAB5A6300A9F092 /* Sources */ = {
			isa = PBXSourcesBuildPhase;
			buildActionMask = 2147483647;
			files = (
				3C680DEE1DAB5A6300A9F092 /* BaseballSimTests.swift in Sources */,
			);
			runOnlyForDeploymentPostprocessing = 0;
		};
/* End PBXSourcesBuildPhase section */

/* Begin PBXTargetDependency section */
		3C680DEB1DAB5A6300A9F092 /* PBXTargetDependency */ = {
			isa = PBXTargetDependency;
			target = 3C680DD41DAB5A6300A9F092 /* BaseballSim */;
			targetProxy = 3C680DEA1DAB5A6300A9F092 /* PBXContainerItemProxy */;
		};
/* End PBXTargetDependency section */

/* Begin PBXVariantGroup section */
		3C680DDC1DAB5A6300A9F092 /* Main.storyboard */ = {
			isa = PBXVariantGroup;
			children = (
				3C680DDD1DAB5A6300A9F092 /* Base */,
			);
			name = Main.storyboard;
			sourceTree = "<group>";
		};
		3C680DE11DAB5A6300A9F092 /* LaunchScreen.storyboard */ = {
			isa = PBXVariantGroup;
			children = (
				3C680DE21DAB5A6300A9F092 /* Base */,
			);
			name = LaunchScreen.storyboard;
			sourceTree = "<group>";
		};
/* End PBXVariantGroup section */

/* Begin XCBuildConfiguration section */
		3C680DF01DAB5A6300A9F092 /* Debug */ = {
			isa = XCBuildConfiguration;
			buildSettings = {
				ALWAYS_SEARCH_USER_PATHS = NO;
				CLANG_ANALYZER_NONNULL = YES;
				CLANG_CXX_LANGUAGE_STANDARD = "gnu++0x";
				CLANG_CXX_LIBRARY = "libc++";
				CLANG_ENABLE_MODULES = YES;
				CLANG_ENABLE_OBJC_ARC = YES;
				CLANG_WARN_BOOL_CONVERSION = YES;
				CLANG_WARN_CONSTANT_CONVERSION = YES;
				CLANG_WARN_DIRECT_OBJC_ISA_USAGE = YES_ERROR;
				CLANG_WARN_DOCUMENTATION_COMMENTS = YES;
				CLANG_WARN_EMPTY_BODY = YES;
				CLANG_WARN_ENUM_CONVERSION = YES;
				CLANG_WARN_INFINITE_RECURSION = YES;
				CLANG_WARN_INT_CONVERSION = YES;
				CLANG_WARN_OBJC_ROOT_CLASS = YES_ERROR;
				CLANG_WARN_SUSPICIOUS_MOVES = YES;
				CLANG_WARN_UNREACHABLE_CODE = YES;
				CLANG_WARN__DUPLICATE_METHOD_MATCH = YES;
				"CODE_SIGN_IDENTITY[sdk=iphoneos*]" = "iPhone Developer";
				COPY_PHASE_STRIP = NO;
				DEBUG_INFORMATION_FORMAT = dwarf;
				ENABLE_STRICT_OBJC_MSGSEND = YES;
				ENABLE_TESTABILITY = YES;
				GCC_C_LANGUAGE_STANDARD = gnu99;
				GCC_DYNAMIC_NO_PIC = NO;
				GCC_NO_COMMON_BLOCKS = YES;
				GCC_OPTIMIZATION_LEVEL = 0;
				GCC_PREPROCESSOR_DEFINITIONS = (
					"DEBUG=1",
					"$(inherited)",
				);
				GCC_WARN_64_TO_32_BIT_CONVERSION = YES;
				GCC_WARN_ABOUT_RETURN_TYPE = YES_ERROR;
				GCC_WARN_UNDECLARED_SELECTOR = YES;
				GCC_WARN_UNINITIALIZED_AUTOS = YES_AGGRESSIVE;
				GCC_WARN_UNUSED_FUNCTION = YES;
				GCC_WARN_UNUSED_VARIABLE = YES;
				IPHONEOS_DEPLOYMENT_TARGET = 10.0;
				MTL_ENABLE_DEBUG_INFO = YES;
				ONLY_ACTIVE_ARCH = YES;
				SDKROOT = iphoneos;
				SWIFT_ACTIVE_COMPILATION_CONDITIONS = DEBUG;
				SWIFT_OPTIMIZATION_LEVEL = "-Onone";
				TARGETED_DEVICE_FAMILY = "1,2";
			};
			name = Debug;
		};
		3C680DF11DAB5A6300A9F092 /* Release */ = {
			isa = XCBuildConfiguration;
			buildSettings = {
				ALWAYS_SEARCH_USER_PATHS = NO;
				CLANG_ANALYZER_NONNULL = YES;
				CLANG_CXX_LANGUAGE_STANDARD = "gnu++0x";
				CLANG_CXX_LIBRARY = "libc++";
				CLANG_ENABLE_MODULES = YES;
				CLANG_ENABLE_OBJC_ARC = YES;
				CLANG_WARN_BOOL_CONVERSION = YES;
				CLANG_WARN_CONSTANT_CONVERSION = YES;
				CLANG_WARN_DIRECT_OBJC_ISA_USAGE = YES_ERROR;
				CLANG_WARN_DOCUMENTATION_COMMENTS = YES;
				CLANG_WARN_EMPTY_BODY = YES;
				CLANG_WARN_ENUM_CONVERSION = YES;
				CLANG_WARN_INFINITE_RECURSION = YES;
				CLANG_WARN_INT_CONVERSION = YES;
				CLANG_WARN_OBJC_ROOT_CLASS = YES_ERROR;
				CLANG_WARN_SUSPICIOUS_MOVES = YES;
				CLANG_WARN_UNREACHABLE_CODE = YES;
				CLANG_WARN__DUPLICATE_METHOD_MATCH = YES;
				"CODE_SIGN_IDENTITY[sdk=iphoneos*]" = "iPhone Developer";
				COPY_PHASE_STRIP = NO;
				DEBUG_INFORMATION_FORMAT = "dwarf-with-dsym";
				ENABLE_NS_ASSERTIONS = NO;
				ENABLE_STRICT_OBJC_MSGSEND = YES;
				GCC_C_LANGUAGE_STANDARD = gnu99;
				GCC_NO_COMMON_BLOCKS = YES;
				GCC_WARN_64_TO_32_BIT_CONVERSION = YES;
				GCC_WARN_ABOUT_RETURN_TYPE = YES_ERROR;
				GCC_WARN_UNDECLARED_SELECTOR = YES;
				GCC_WARN_UNINITIALIZED_AUTOS = YES_AGGRESSIVE;
				GCC_WARN_UNUSED_FUNCTION = YES;
				GCC_WARN_UNUSED_VARIABLE = YES;
				IPHONEOS_DEPLOYMENT_TARGET = 10.0;
				MTL_ENABLE_DEBUG_INFO = NO;
				SDKROOT = iphoneos;
				SWIFT_OPTIMIZATION_LEVEL = "-Owholemodule";
				TARGETED_DEVICE_FAMILY = "1,2";
				VALIDATE_PRODUCT = YES;
			};
			name = Release;
		};
		3C680DF31DAB5A6300A9F092 /* Debug */ = {
			isa = XCBuildConfiguration;
			buildSettings = {
				ASSETCATALOG_COMPILER_APPICON_NAME = AppIcon;
				INFOPLIST_FILE = BaseballSim/Info.plist;
				LD_RUNPATH_SEARCH_PATHS = "$(inherited) @executable_path/Frameworks";
				PRODUCT_BUNDLE_IDENTIFIER = com.TeamB.BaseballSim;
				PRODUCT_NAME = "$(TARGET_NAME)";
				SWIFT_VERSION = 3.0;
			};
			name = Debug;
		};
		3C680DF41DAB5A6300A9F092 /* Release */ = {
			isa = XCBuildConfiguration;
			buildSettings = {
				ASSETCATALOG_COMPILER_APPICON_NAME = AppIcon;
				INFOPLIST_FILE = BaseballSim/Info.plist;
				LD_RUNPATH_SEARCH_PATHS = "$(inherited) @executable_path/Frameworks";
				PRODUCT_BUNDLE_IDENTIFIER = com.TeamB.BaseballSim;
				PRODUCT_NAME = "$(TARGET_NAME)";
				SWIFT_VERSION = 3.0;
			};
			name = Release;
		};
		3C680DF61DAB5A6300A9F092 /* Debug */ = {
			isa = XCBuildConfiguration;
			buildSettings = {
				ALWAYS_EMBED_SWIFT_STANDARD_LIBRARIES = YES;
				BUNDLE_LOADER = "$(TEST_HOST)";
				INFOPLIST_FILE = BaseballSimTests/Info.plist;
				LD_RUNPATH_SEARCH_PATHS = "$(inherited) @executable_path/Frameworks @loader_path/Frameworks";
				PRODUCT_BUNDLE_IDENTIFIER = com.TeamB.BaseballSimTests;
				PRODUCT_NAME = "$(TARGET_NAME)";
				SWIFT_VERSION = 3.0;
				TEST_HOST = "$(BUILT_PRODUCTS_DIR)/BaseballSim.app/BaseballSim";
			};
			name = Debug;
		};
		3C680DF71DAB5A6300A9F092 /* Release */ = {
			isa = XCBuildConfiguration;
			buildSettings = {
				ALWAYS_EMBED_SWIFT_STANDARD_LIBRARIES = YES;
				BUNDLE_LOADER = "$(TEST_HOST)";
				INFOPLIST_FILE = BaseballSimTests/Info.plist;
				LD_RUNPATH_SEARCH_PATHS = "$(inherited) @executable_path/Frameworks @loader_path/Frameworks";
				PRODUCT_BUNDLE_IDENTIFIER = com.TeamB.BaseballSimTests;
				PRODUCT_NAME = "$(TARGET_NAME)";
				SWIFT_VERSION = 3.0;
				TEST_HOST = "$(BUILT_PRODUCTS_DIR)/BaseballSim.app/BaseballSim";
			};
			name = Release;
		};
/* End XCBuildConfiguration section */

/* Begin XCConfigurationList section */
		3C680DD01DAB5A6300A9F092 /* Build configuration list for PBXProject "BaseballSim" */ = {
			isa = XCConfigurationList;
			buildConfigurations = (
				3C680DF01DAB5A6300A9F092 /* Debug */,
				3C680DF11DAB5A6300A9F092 /* Release */,
			);
			defaultConfigurationIsVisible = 0;
			defaultConfigurationName = Release;
		};
		3C680DF21DAB5A6300A9F092 /* Build configuration list for PBXNativeTarget "BaseballSim" */ = {
			isa = XCConfigurationList;
			buildConfigurations = (
				3C680DF31DAB5A6300A9F092 /* Debug */,
				3C680DF41DAB5A6300A9F092 /* Release */,
			);
			defaultConfigurationIsVisible = 0;
		};
		3C680DF51DAB5A6300A9F092 /* Build configuration list for PBXNativeTarget "BaseballSimTests" */ = {
			isa = XCConfigurationList;
			buildConfigurations = (
				3C680DF61DAB5A6300A9F092 /* Debug */,
				3C680DF71DAB5A6300A9F092 /* Release */,
			);
			defaultConfigurationIsVisible = 0;
		};
/* End XCConfigurationList section */
	};
	rootObject = 3C680DCD1DAB5A6300A9F092 /* Project object */;
}
